
Microsoft Visual Studio Solution File, Format Version 12.00
# Visual Studio 14
VisualStudioVersion = 14.0.25420.1
MinimumVisualStudioVersion = 10.0.40219.1
Project("{FAE04EC0-301F-11D3-BF4B-00C04F79EFBC}") = "DbDeliveryCmd", "DbDeliveryCmd\DbDeliveryCmd.csproj", "{EFC0213C-11EA-4CFA-B1ED-6C5C18604A7E}"
EndProject
Project("{FAE04EC0-301F-11D3-BF4B-00C04F79EFBC}") = "DbDelivery.Core", "DbDelivery.Core\DbDelivery.Core.csproj", "{49F468F2-E16E-4EF8-97F3-D7660D981726}"
EndProject
Project("{FAE04EC0-301F-11D3-BF4B-00C04F79EFBC}") = "DbDelivery.Plugin", "DbDelivery.Plugin\DbDelivery.Plugin.csproj", "{6D334FC7-CCFE-4977-8F2F-9B932F0D8FE2}"
EndProject
Project("{2150E333-8FDC-42A3-9474-1A3956D46DE8}") = "Test", "Test", "{50794E21-E02A-40C6-B96A-629C6D6E4EA3}"
EndProject
Project("{FAE04EC0-301F-11D3-BF4B-00C04F79EFBC}") = "Core.Test", "Core.Test\Core.Test.csproj", "{C58E08F9-049E-4622-864C-8E6AA27EF759}"
EndProject
Project("{2150E333-8FDC-42A3-9474-1A3956D46DE8}") = "Plugins", "Plugins", "{4D37C410-F7AD-42C2-AB6E-BCFA5BAE0D47}"
EndProject
Project("{FAE04EC0-301F-11D3-BF4B-00C04F79EFBC}") = "BackupPlugin", "BackupPlugin\BackupPlugin.csproj", "{FAB03B97-B6D6-44C9-A5CB-2EA2048ADAEC}"
EndProject
Project("{FAE04EC0-301F-11D3-BF4B-00C04F79EFBC}") = "ParseConfigPlugin", "ParseConfigPlugin\ParseConfigPlugin.csproj", "{E3179B43-FDF4-4E54-8F6B-D40133E40537}"
EndProject
Global
	GlobalSection(SolutionConfigurationPlatforms) = preSolution
		Debug|Any CPU = Debug|Any CPU
		Release|Any CPU = Release|Any CPU
	EndGlobalSection
	GlobalSection(ProjectConfigurationPlatforms) = postSolution
		{EFC0213C-11EA-4CFA-B1ED-6C5C18604A7E}.Debug|Any CPU.ActiveCfg = Debug|Any CPU
		{EFC0213C-11EA-4CFA-B1ED-6C5C18604A7E}.Debug|Any CPU.Build.0 = Debug|Any CPU
		{EFC0213C-11EA-4CFA-B1ED-6C5C18604A7E}.Release|Any CPU.ActiveCfg = Release|Any CPU
		{EFC0213C-11EA-4CFA-B1ED-6C5C18604A7E}.Release|Any CPU.Build.0 = Release|Any CPU
		{49F468F2-E16E-4EF8-97F3-D7660D981726}.Debug|Any CPU.ActiveCfg = Debug|Any CPU
		{49F468F2-E16E-4EF8-97F3-D7660D981726}.Debug|Any CPU.Build.0 = Debug|Any CPU
		{49F468F2-E16E-4EF8-97F3-D7660D981726}.Release|Any CPU.ActiveCfg = Release|Any CPU
		{49F468F2-E16E-4EF8-97F3-D7660D981726}.Release|Any CPU.Build.0 = Release|Any CPU
		{6D334FC7-CCFE-4977-8F2F-9B932F0D8FE2}.Debug|Any CPU.ActiveCfg = Debug|Any CPU
		{6D334FC7-CCFE-4977-8F2F-9B932F0D8FE2}.Debug|Any CPU.Build.0 = Debug|Any CPU
		{6D334FC7-CCFE-4977-8F2F-9B932F0D8FE2}.Release|Any CPU.ActiveCfg = Release|Any CPU
		{6D334FC7-CCFE-4977-8F2F-9B932F0D8FE2}.Release|Any CPU.Build.0 = Release|Any CPU
		{C58E08F9-049E-4622-864C-8E6AA27EF759}.Debug|Any CPU.ActiveCfg = Debug|Any CPU
		{C58E08F9-049E-4622-864C-8E6AA27EF759}.Debug|Any CPU.Build.0 = Debug|Any CPU
		{C58E08F9-049E-4622-864C-8E6AA27EF759}.Release|Any CPU.ActiveCfg = Release|Any CPU
		{C58E08F9-049E-4622-864C-8E6AA27EF759}.Release|Any CPU.Build.0 = Release|Any CPU
		{FAB03B97-B6D6-44C9-A5CB-2EA2048ADAEC}.Debug|Any CPU.ActiveCfg = Debug|Any CPU
		{FAB03B97-B6D6-44C9-A5CB-2EA2048ADAEC}.Debug|Any CPU.Build.0 = Debug|Any CPU
		{FAB03B97-B6D6-44C9-A5CB-2EA2048ADAEC}.Release|Any CPU.ActiveCfg = Release|Any CPU
		{FAB03B97-B6D6-44C9-A5CB-2EA2048ADAEC}.Release|Any CPU.Build.0 = Release|Any CPU
		{E3179B43-FDF4-4E54-8F6B-D40133E40537}.Debug|Any CPU.ActiveCfg = Debug|Any CPU
		{E3179B43-FDF4-4E54-8F6B-D40133E40537}.Debug|Any CPU.Build.0 = Debug|Any CPU
		{E3179B43-FDF4-4E54-8F6B-D40133E40537}.Release|Any CPU.ActiveCfg = Release|Any CPU
		{E3179B43-FDF4-4E54-8F6B-D40133E40537}.Release|Any CPU.Build.0 = Release|Any CPU
	EndGlobalSection
	GlobalSection(SolutionProperties) = preSolution
		HideSolutionNode = FALSE
	EndGlobalSection
	GlobalSection(NestedProjects) = preSolution
		{C58E08F9-049E-4622-864C-8E6AA27EF759} = {50794E21-E02A-40C6-B96A-629C6D6E4EA3}
		{FAB03B97-B6D6-44C9-A5CB-2EA2048ADAEC} = {4D37C410-F7AD-42C2-AB6E-BCFA5BAE0D47}
		{E3179B43-FDF4-4E54-8F6B-D40133E40537} = {4D37C410-F7AD-42C2-AB6E-BCFA5BAE0D47}
	EndGlobalSection
EndGlobal
